
Microsoft Visual Studio Solution File, Format Version 12.00
# Visual Studio 15
VisualStudioVersion = 15.0.27004.2009
MinimumVisualStudioVersion = 10.0.40219.1
Project("{8BC9CEB8-8B4A-11D0-8D11-00A0C91BC942}") = "Win32Project1", "Win32Project1\Win32Project1.vcxproj", "{2B2BDAAD-329F-4306-98DA-3932FF09AD1B}"
	ProjectSection(ProjectDependencies) = postProject
		{29707C0A-73E2-43DE-8F6D-F2DB06808D14} = {29707C0A-73E2-43DE-8F6D-F2DB06808D14}
		{63720C68-10F3-44B7-BF1A-840F060929DF} = {63720C68-10F3-44B7-BF1A-840F060929DF}
		{CB440073-2ED3-48CE-A1A1-B6EACB3A44BD} = {CB440073-2ED3-48CE-A1A1-B6EACB3A44BD}
		{0682799E-A922-4CD1-8643-F99FB4C44BE7} = {0682799E-A922-4CD1-8643-F99FB4C44BE7}
		{D1C528B6-AA02-4D29-9D61-DC08E317A70D} = {D1C528B6-AA02-4D29-9D61-DC08E317A70D}
	EndProjectSection
EndProject
Project("{8BC9CEB8-8B4A-11D0-8D11-00A0C91BC942}") = "tinyxml2", "..\..\extern\tinyxml2\tinyxml2\tinyxml2.vcxproj", "{D1C528B6-AA02-4D29-9D61-DC08E317A70D}"
EndProject
Project("{8BC9CEB8-8B4A-11D0-8D11-00A0C91BC942}") = "libiconv", "..\..\extern\bmsbelplus\libiconv\libiconv.vcxproj", "{754C626F-CD15-4A66-943A-A0299721E5F6}"
EndProject
Project("{8BC9CEB8-8B4A-11D0-8D11-00A0C91BC942}") = "bmsbel", "..\..\extern\bmsbelplus\bmsbel\bmsbel.vcxproj", "{29707C0A-73E2-43DE-8F6D-F2DB06808D14}"
EndProject
Project("{8BC9CEB8-8B4A-11D0-8D11-00A0C91BC942}") = "Lua", "..\..\extern\Lua\Lua.vcxproj", "{63720C68-10F3-44B7-BF1A-840F060929DF}"
EndProject
Project("{8BC9CEB8-8B4A-11D0-8D11-00A0C91BC942}") = "skinparser", "..\..\extern\skinparser\skinparser.vcxproj", "{6F9F2C5D-76B4-47EF-B03C-2BC7489F36EF}"
EndProject
Project("{8BC9CEB8-8B4A-11D0-8D11-00A0C91BC942}") = "sqlite", "..\..\extern\sqlite\sqlite.vcxproj", "{0682799E-A922-4CD1-8643-F99FB4C44BE7}"
EndProject
Project("{8BC9CEB8-8B4A-11D0-8D11-00A0C91BC942}") = "zziplib", "..\..\extern\zziplib\msvc8\zziplib.vcxproj", "{CB440073-2ED3-48CE-A1A1-B6EACB3A44BD}"
EndProject
Global
	GlobalSection(SolutionConfigurationPlatforms) = preSolution
		Debug_2|x64 = Debug_2|x64
		Debug_2|x86 = Debug_2|x86
		Debug|x64 = Debug|x64
		Debug|x86 = Debug|x86
		Debug-Dll|x64 = Debug-Dll|x64
		Debug-Dll|x86 = Debug-Dll|x86
		Debug-Lib|x64 = Debug-Lib|x64
		Debug-Lib|x86 = Debug-Lib|x86
		Release|x64 = Release|x64
		Release|x86 = Release|x86
		Release-Dll|x64 = Release-Dll|x64
		Release-Dll|x86 = Release-Dll|x86
		Release-Lib|x64 = Release-Lib|x64
		Release-Lib|x86 = Release-Lib|x86
	EndGlobalSection
	GlobalSection(ProjectConfigurationPlatforms) = postSolution
		{2B2BDAAD-329F-4306-98DA-3932FF09AD1B}.Debug_2|x64.ActiveCfg = Debug|x64
		{2B2BDAAD-329F-4306-98DA-3932FF09AD1B}.Debug_2|x64.Build.0 = Debug|x64
		{2B2BDAAD-329F-4306-98DA-3932FF09AD1B}.Debug_2|x86.ActiveCfg = Debug|Win32
		{2B2BDAAD-329F-4306-98DA-3932FF09AD1B}.Debug_2|x86.Build.0 = Debug|Win32
		{2B2BDAAD-329F-4306-98DA-3932FF09AD1B}.Debug|x64.ActiveCfg = Debug|x64
		{2B2BDAAD-329F-4306-98DA-3932FF09AD1B}.Debug|x64.Build.0 = Debug|x64
		{2B2BDAAD-329F-4306-98DA-3932FF09AD1B}.Debug|x86.ActiveCfg = Debug|Win32
		{2B2BDAAD-329F-4306-98DA-3932FF09AD1B}.Debug|x86.Build.0 = Debug|Win32
		{2B2BDAAD-329F-4306-98DA-3932FF09AD1B}.Debug-Dll|x64.ActiveCfg = Debug|x64
		{2B2BDAAD-329F-4306-98DA-3932FF09AD1B}.Debug-Dll|x64.Build.0 = Debug|x64
		{2B2BDAAD-329F-4306-98DA-3932FF09AD1B}.Debug-Dll|x86.ActiveCfg = Debug|Win32
		{2B2BDAAD-329F-4306-98DA-3932FF09AD1B}.Debug-Dll|x86.Build.0 = Debug|Win32
		{2B2BDAAD-329F-4306-98DA-3932FF09AD1B}.Debug-Lib|x64.ActiveCfg = Debug|x64
		{2B2BDAAD-329F-4306-98DA-3932FF09AD1B}.Debug-Lib|x64.Build.0 = Debug|x64
		{2B2BDAAD-329F-4306-98DA-3932FF09AD1B}.Debug-Lib|x86.ActiveCfg = Debug|Win32
		{2B2BDAAD-329F-4306-98DA-3932FF09AD1B}.Debug-Lib|x86.Build.0 = Debug|Win32
		{2B2BDAAD-329F-4306-98DA-3932FF09AD1B}.Release|x64.ActiveCfg = Release|x64
		{2B2BDAAD-329F-4306-98DA-3932FF09AD1B}.Release|x64.Build.0 = Release|x64
		{2B2BDAAD-329F-4306-98DA-3932FF09AD1B}.Release|x86.ActiveCfg = Release|Win32
		{2B2BDAAD-329F-4306-98DA-3932FF09AD1B}.Release|x86.Build.0 = Release|Win32
		{2B2BDAAD-329F-4306-98DA-3932FF09AD1B}.Release-Dll|x64.ActiveCfg = Release|x64
		{2B2BDAAD-329F-4306-98DA-3932FF09AD1B}.Release-Dll|x64.Build.0 = Release|x64
		{2B2BDAAD-329F-4306-98DA-3932FF09AD1B}.Release-Dll|x86.ActiveCfg = Release|Win32
		{2B2BDAAD-329F-4306-98DA-3932FF09AD1B}.Release-Dll|x86.Build.0 = Release|Win32
		{2B2BDAAD-329F-4306-98DA-3932FF09AD1B}.Release-Lib|x64.ActiveCfg = Release|x64
		{2B2BDAAD-329F-4306-98DA-3932FF09AD1B}.Release-Lib|x64.Build.0 = Release|x64
		{2B2BDAAD-329F-4306-98DA-3932FF09AD1B}.Release-Lib|x86.ActiveCfg = Release|Win32
		{2B2BDAAD-329F-4306-98DA-3932FF09AD1B}.Release-Lib|x86.Build.0 = Release|Win32
		{D1C528B6-AA02-4D29-9D61-DC08E317A70D}.Debug_2|x64.ActiveCfg = Debug-Dll|x64
		{D1C528B6-AA02-4D29-9D61-DC08E317A70D}.Debug_2|x64.Build.0 = Debug-Dll|x64
		{D1C528B6-AA02-4D29-9D61-DC08E317A70D}.Debug_2|x86.ActiveCfg = Debug-Dll|Win32
		{D1C528B6-AA02-4D29-9D61-DC08E317A70D}.Debug_2|x86.Build.0 = Debug-Dll|Win32
		{D1C528B6-AA02-4D29-9D61-DC08E317A70D}.Debug|x64.ActiveCfg = Debug-Dll|x64
		{D1C528B6-AA02-4D29-9D61-DC08E317A70D}.Debug|x64.Build.0 = Debug-Dll|x64
		{D1C528B6-AA02-4D29-9D61-DC08E317A70D}.Debug|x86.ActiveCfg = Debug-Lib|Win32
		{D1C528B6-AA02-4D29-9D61-DC08E317A70D}.Debug|x86.Build.0 = Debug-Lib|Win32
		{D1C528B6-AA02-4D29-9D61-DC08E317A70D}.Debug-Dll|x64.ActiveCfg = Debug-Dll|x64
		{D1C528B6-AA02-4D29-9D61-DC08E317A70D}.Debug-Dll|x64.Build.0 = Debug-Dll|x64
		{D1C528B6-AA02-4D29-9D61-DC08E317A70D}.Debug-Dll|x86.ActiveCfg = Debug-Dll|Win32
		{D1C528B6-AA02-4D29-9D61-DC08E317A70D}.Debug-Dll|x86.Build.0 = Debug-Dll|Win32
		{D1C528B6-AA02-4D29-9D61-DC08E317A70D}.Debug-Lib|x64.ActiveCfg = Debug-Lib|x64
		{D1C528B6-AA02-4D29-9D61-DC08E317A70D}.Debug-Lib|x64.Build.0 = Debug-Lib|x64
		{D1C528B6-AA02-4D29-9D61-DC08E317A70D}.Debug-Lib|x86.ActiveCfg = Debug-Lib|Win32
		{D1C528B6-AA02-4D29-9D61-DC08E317A70D}.Debug-Lib|x86.Build.0 = Debug-Lib|Win32
		{D1C528B6-AA02-4D29-9D61-DC08E317A70D}.Release|x64.ActiveCfg = Release-Lib|x64
		{D1C528B6-AA02-4D29-9D61-DC08E317A70D}.Release|x64.Build.0 = Release-Lib|x64
		{D1C528B6-AA02-4D29-9D61-DC08E317A70D}.Release|x86.ActiveCfg = Release-Lib|Win32
		{D1C528B6-AA02-4D29-9D61-DC08E317A70D}.Release|x86.Build.0 = Release-Lib|Win32
		{D1C528B6-AA02-4D29-9D61-DC08E317A70D}.Release-Dll|x64.ActiveCfg = Release-Dll|x64
		{D1C528B6-AA02-4D29-9D61-DC08E317A70D}.Release-Dll|x64.Build.0 = Release-Dll|x64
		{D1C528B6-AA02-4D29-9D61-DC08E317A70D}.Release-Dll|x86.ActiveCfg = Release-Dll|Win32
		{D1C528B6-AA02-4D29-9D61-DC08E317A70D}.Release-Dll|x86.Build.0 = Release-Dll|Win32
		{D1C528B6-AA02-4D29-9D61-DC08E317A70D}.Release-Lib|x64.ActiveCfg = Release-Lib|x64
		{D1C528B6-AA02-4D29-9D61-DC08E317A70D}.Release-Lib|x64.Build.0 = Release-Lib|x64
		{D1C528B6-AA02-4D29-9D61-DC08E317A70D}.Release-Lib|x86.ActiveCfg = Release-Lib|Win32
		{D1C528B6-AA02-4D29-9D61-DC08E317A70D}.Release-Lib|x86.Build.0 = Release-Lib|Win32
		{754C626F-CD15-4A66-943A-A0299721E5F6}.Debug_2|x64.ActiveCfg = Release|Win32
		{754C626F-CD15-4A66-943A-A0299721E5F6}.Debug_2|x64.Build.0 = Release|Win32
		{754C626F-CD15-4A66-943A-A0299721E5F6}.Debug_2|x86.ActiveCfg = Debug|Win32
		{754C626F-CD15-4A66-943A-A0299721E5F6}.Debug_2|x86.Build.0 = Debug|Win32
		{754C626F-CD15-4A66-943A-A0299721E5F6}.Debug|x64.ActiveCfg = Debug|Win32
		{754C626F-CD15-4A66-943A-A0299721E5F6}.Debug|x86.ActiveCfg = Debug|Win32
		{754C626F-CD15-4A66-943A-A0299721E5F6}.Debug|x86.Build.0 = Debug|Win32
		{754C626F-CD15-4A66-943A-A0299721E5F6}.Debug-Dll|x64.ActiveCfg = Release|Win32
		{754C626F-CD15-4A66-943A-A0299721E5F6}.Debug-Dll|x64.Build.0 = Release|Win32
		{754C626F-CD15-4A66-943A-A0299721E5F6}.Debug-Dll|x86.ActiveCfg = Debug|Win32
		{754C626F-CD15-4A66-943A-A0299721E5F6}.Debug-Dll|x86.Build.0 = Debug|Win32
		{754C626F-CD15-4A66-943A-A0299721E5F6}.Debug-Lib|x64.ActiveCfg = Release|Win32
		{754C626F-CD15-4A66-943A-A0299721E5F6}.Debug-Lib|x64.Build.0 = Release|Win32
		{754C626F-CD15-4A66-943A-A0299721E5F6}.Debug-Lib|x86.ActiveCfg = Debug|Win32
		{754C626F-CD15-4A66-943A-A0299721E5F6}.Debug-Lib|x86.Build.0 = Debug|Win32
		{754C626F-CD15-4A66-943A-A0299721E5F6}.Release|x64.ActiveCfg = Release|Win32
		{754C626F-CD15-4A66-943A-A0299721E5F6}.Release|x86.ActiveCfg = Release|Win32
		{754C626F-CD15-4A66-943A-A0299721E5F6}.Release|x86.Build.0 = Release|Win32
		{754C626F-CD15-4A66-943A-A0299721E5F6}.Release-Dll|x64.ActiveCfg = Release|Win32
		{754C626F-CD15-4A66-943A-A0299721E5F6}.Release-Dll|x64.Build.0 = Release|Win32
		{754C626F-CD15-4A66-943A-A0299721E5F6}.Release-Dll|x86.ActiveCfg = Release|Win32
		{754C626F-CD15-4A66-943A-A0299721E5F6}.Release-Dll|x86.Build.0 = Release|Win32
		{754C626F-CD15-4A66-943A-A0299721E5F6}.Release-Lib|x64.ActiveCfg = Release|Win32
		{754C626F-CD15-4A66-943A-A0299721E5F6}.Release-Lib|x64.Build.0 = Release|Win32
		{754C626F-CD15-4A66-943A-A0299721E5F6}.Release-Lib|x86.ActiveCfg = Release|Win32
		{754C626F-CD15-4A66-943A-A0299721E5F6}.Release-Lib|x86.Build.0 = Release|Win32
		{29707C0A-73E2-43DE-8F6D-F2DB06808D14}.Debug_2|x64.ActiveCfg = Release|Win32
		{29707C0A-73E2-43DE-8F6D-F2DB06808D14}.Debug_2|x64.Build.0 = Release|Win32
		{29707C0A-73E2-43DE-8F6D-F2DB06808D14}.Debug_2|x86.ActiveCfg = Debug|Win32
		{29707C0A-73E2-43DE-8F6D-F2DB06808D14}.Debug_2|x86.Build.0 = Debug|Win32
		{29707C0A-73E2-43DE-8F6D-F2DB06808D14}.Debug|x64.ActiveCfg = Debug|Win32
		{29707C0A-73E2-43DE-8F6D-F2DB06808D14}.Debug|x86.ActiveCfg = Debug|Win32
		{29707C0A-73E2-43DE-8F6D-F2DB06808D14}.Debug|x86.Build.0 = Debug|Win32
		{29707C0A-73E2-43DE-8F6D-F2DB06808D14}.Debug-Dll|x64.ActiveCfg = Release|Win32
		{29707C0A-73E2-43DE-8F6D-F2DB06808D14}.Debug-Dll|x64.Build.0 = Release|Win32
		{29707C0A-73E2-43DE-8F6D-F2DB06808D14}.Debug-Dll|x86.ActiveCfg = Debug|Win32
		{29707C0A-73E2-43DE-8F6D-F2DB06808D14}.Debug-Dll|x86.Build.0 = Debug|Win32
		{29707C0A-73E2-43DE-8F6D-F2DB06808D14}.Debug-Lib|x64.ActiveCfg = Release|Win32
		{29707C0A-73E2-43DE-8F6D-F2DB06808D14}.Debug-Lib|x64.Build.0 = Release|Win32
		{29707C0A-73E2-43DE-8F6D-F2DB06808D14}.Debug-Lib|x86.ActiveCfg = Debug|Win32
		{29707C0A-73E2-43DE-8F6D-F2DB06808D14}.Debug-Lib|x86.Build.0 = Debug|Win32
		{29707C0A-73E2-43DE-8F6D-F2DB06808D14}.Release|x64.ActiveCfg = Release|Win32
		{29707C0A-73E2-43DE-8F6D-F2DB06808D14}.Release|x86.ActiveCfg = Release|Win32
		{29707C0A-73E2-43DE-8F6D-F2DB06808D14}.Release|x86.Build.0 = Release|Win32
		{29707C0A-73E2-43DE-8F6D-F2DB06808D14}.Release-Dll|x64.ActiveCfg = Release|Win32
		{29707C0A-73E2-43DE-8F6D-F2DB06808D14}.Release-Dll|x64.Build.0 = Release|Win32
		{29707C0A-73E2-43DE-8F6D-F2DB06808D14}.Release-Dll|x86.ActiveCfg = Release|Win32
		{29707C0A-73E2-43DE-8F6D-F2DB06808D14}.Release-Dll|x86.Build.0 = Release|Win32
		{29707C0A-73E2-43DE-8F6D-F2DB06808D14}.Release-Lib|x64.ActiveCfg = Release|Win32
		{29707C0A-73E2-43DE-8F6D-F2DB06808D14}.Release-Lib|x64.Build.0 = Release|Win32
		{29707C0A-73E2-43DE-8F6D-F2DB06808D14}.Release-Lib|x86.ActiveCfg = Release|Win32
		{29707C0A-73E2-43DE-8F6D-F2DB06808D14}.Release-Lib|x86.Build.0 = Release|Win32
		{63720C68-10F3-44B7-BF1A-840F060929DF}.Debug_2|x64.ActiveCfg = Debug_2|Win32
		{63720C68-10F3-44B7-BF1A-840F060929DF}.Debug_2|x86.ActiveCfg = Debug_2|Win32
		{63720C68-10F3-44B7-BF1A-840F060929DF}.Debug_2|x86.Build.0 = Debug_2|Win32
		{63720C68-10F3-44B7-BF1A-840F060929DF}.Debug|x64.ActiveCfg = Debug|Win32
		{63720C68-10F3-44B7-BF1A-840F060929DF}.Debug|x86.ActiveCfg = Debug|Win32
		{63720C68-10F3-44B7-BF1A-840F060929DF}.Debug|x86.Build.0 = Debug|Win32
		{63720C68-10F3-44B7-BF1A-840F060929DF}.Debug-Dll|x64.ActiveCfg = Release|Win32
		{63720C68-10F3-44B7-BF1A-840F060929DF}.Debug-Dll|x64.Build.0 = Release|Win32
		{63720C68-10F3-44B7-BF1A-840F060929DF}.Debug-Dll|x86.ActiveCfg = Debug_2|Win32
		{63720C68-10F3-44B7-BF1A-840F060929DF}.Debug-Dll|x86.Build.0 = Debug_2|Win32
		{63720C68-10F3-44B7-BF1A-840F060929DF}.Debug-Lib|x64.ActiveCfg = Release|Win32
		{63720C68-10F3-44B7-BF1A-840F060929DF}.Debug-Lib|x64.Build.0 = Release|Win32
		{63720C68-10F3-44B7-BF1A-840F060929DF}.Debug-Lib|x86.ActiveCfg = Debug_2|Win32
		{63720C68-10F3-44B7-BF1A-840F060929DF}.Debug-Lib|x86.Build.0 = Debug_2|Win32
		{63720C68-10F3-44B7-BF1A-840F060929DF}.Release|x64.ActiveCfg = Release|Win32
		{63720C68-10F3-44B7-BF1A-840F060929DF}.Release|x86.ActiveCfg = Release|Win32
		{63720C68-10F3-44B7-BF1A-840F060929DF}.Release|x86.Build.0 = Release|Win32
		{63720C68-10F3-44B7-BF1A-840F060929DF}.Release-Dll|x64.ActiveCfg = Release|Win32
		{63720C68-10F3-44B7-BF1A-840F060929DF}.Release-Dll|x64.Build.0 = Release|Win32
		{63720C68-10F3-44B7-BF1A-840F060929DF}.Release-Dll|x86.ActiveCfg = Release|Win32
		{63720C68-10F3-44B7-BF1A-840F060929DF}.Release-Dll|x86.Build.0 = Release|Win32
		{63720C68-10F3-44B7-BF1A-840F060929DF}.Release-Lib|x64.ActiveCfg = Release|Win32
		{63720C68-10F3-44B7-BF1A-840F060929DF}.Release-Lib|x64.Build.0 = Release|Win32
		{63720C68-10F3-44B7-BF1A-840F060929DF}.Release-Lib|x86.ActiveCfg = Release|Win32
		{63720C68-10F3-44B7-BF1A-840F060929DF}.Release-Lib|x86.Build.0 = Release|Win32
		{6F9F2C5D-76B4-47EF-B03C-2BC7489F36EF}.Debug_2|x64.ActiveCfg = Debug_2|Win32
		{6F9F2C5D-76B4-47EF-B03C-2BC7489F36EF}.Debug_2|x86.ActiveCfg = Debug_2|Win32
		{6F9F2C5D-76B4-47EF-B03C-2BC7489F36EF}.Debug_2|x86.Build.0 = Debug_2|Win32
		{6F9F2C5D-76B4-47EF-B03C-2BC7489F36EF}.Debug|x64.ActiveCfg = Debug|Win32
		{6F9F2C5D-76B4-47EF-B03C-2BC7489F36EF}.Debug|x86.ActiveCfg = Debug|Win32
		{6F9F2C5D-76B4-47EF-B03C-2BC7489F36EF}.Debug|x86.Build.0 = Debug|Win32
		{6F9F2C5D-76B4-47EF-B03C-2BC7489F36EF}.Debug-Dll|x64.ActiveCfg = Release|Win32
		{6F9F2C5D-76B4-47EF-B03C-2BC7489F36EF}.Debug-Dll|x64.Build.0 = Release|Win32
		{6F9F2C5D-76B4-47EF-B03C-2BC7489F36EF}.Debug-Dll|x86.ActiveCfg = Debug_2|Win32
		{6F9F2C5D-76B4-47EF-B03C-2BC7489F36EF}.Debug-Dll|x86.Build.0 = Debug_2|Win32
		{6F9F2C5D-76B4-47EF-B03C-2BC7489F36EF}.Debug-Lib|x64.ActiveCfg = Release|Win32
		{6F9F2C5D-76B4-47EF-B03C-2BC7489F36EF}.Debug-Lib|x64.Build.0 = Release|Win32
		{6F9F2C5D-76B4-47EF-B03C-2BC7489F36EF}.Debug-Lib|x86.ActiveCfg = Debug_2|Win32
		{6F9F2C5D-76B4-47EF-B03C-2BC7489F36EF}.Debug-Lib|x86.Build.0 = Debug_2|Win32
		{6F9F2C5D-76B4-47EF-B03C-2BC7489F36EF}.Release|x64.ActiveCfg = Release|Win32
		{6F9F2C5D-76B4-47EF-B03C-2BC7489F36EF}.Release|x86.ActiveCfg = Release|Win32
		{6F9F2C5D-76B4-47EF-B03C-2BC7489F36EF}.Release|x86.Build.0 = Release|Win32
		{6F9F2C5D-76B4-47EF-B03C-2BC7489F36EF}.Release-Dll|x64.ActiveCfg = Release|Win32
		{6F9F2C5D-76B4-47EF-B03C-2BC7489F36EF}.Release-Dll|x64.Build.0 = Release|Win32
		{6F9F2C5D-76B4-47EF-B03C-2BC7489F36EF}.Release-Dll|x86.ActiveCfg = Release|Win32
		{6F9F2C5D-76B4-47EF-B03C-2BC7489F36EF}.Release-Dll|x86.Build.0 = Release|Win32
		{6F9F2C5D-76B4-47EF-B03C-2BC7489F36EF}.Release-Lib|x64.ActiveCfg = Release|Win32
		{6F9F2C5D-76B4-47EF-B03C-2BC7489F36EF}.Release-Lib|x64.Build.0 = Release|Win32
		{6F9F2C5D-76B4-47EF-B03C-2BC7489F36EF}.Release-Lib|x86.ActiveCfg = Release|Win32
		{6F9F2C5D-76B4-47EF-B03C-2BC7489F36EF}.Release-Lib|x86.Build.0 = Release|Win32
		{0682799E-A922-4CD1-8643-F99FB4C44BE7}.Debug_2|x64.ActiveCfg = Debug_2|Win32
		{0682799E-A922-4CD1-8643-F99FB4C44BE7}.Debug_2|x86.ActiveCfg = Debug_2|Win32
		{0682799E-A922-4CD1-8643-F99FB4C44BE7}.Debug_2|x86.Build.0 = Debug_2|Win32
		{0682799E-A922-4CD1-8643-F99FB4C44BE7}.Debug|x64.ActiveCfg = Debug|Win32
		{0682799E-A922-4CD1-8643-F99FB4C44BE7}.Debug|x86.ActiveCfg = Debug|Win32
		{0682799E-A922-4CD1-8643-F99FB4C44BE7}.Debug|x86.Build.0 = Debug|Win32
		{0682799E-A922-4CD1-8643-F99FB4C44BE7}.Debug-Dll|x64.ActiveCfg = Release|Win32
		{0682799E-A922-4CD1-8643-F99FB4C44BE7}.Debug-Dll|x64.Build.0 = Release|Win32
		{0682799E-A922-4CD1-8643-F99FB4C44BE7}.Debug-Dll|x86.ActiveCfg = Debug_2|Win32
		{0682799E-A922-4CD1-8643-F99FB4C44BE7}.Debug-Dll|x86.Build.0 = Debug_2|Win32
		{0682799E-A922-4CD1-8643-F99FB4C44BE7}.Debug-Lib|x64.ActiveCfg = Release|Win32
		{0682799E-A922-4CD1-8643-F99FB4C44BE7}.Debug-Lib|x64.Build.0 = Release|Win32
		{0682799E-A922-4CD1-8643-F99FB4C44BE7}.Debug-Lib|x86.ActiveCfg = Debug_2|Win32
		{0682799E-A922-4CD1-8643-F99FB4C44BE7}.Debug-Lib|x86.Build.0 = Debug_2|Win32
		{0682799E-A922-4CD1-8643-F99FB4C44BE7}.Release|x64.ActiveCfg = Release|Win32
		{0682799E-A922-4CD1-8643-F99FB4C44BE7}.Release|x86.ActiveCfg = Release|Win32
		{0682799E-A922-4CD1-8643-F99FB4C44BE7}.Release|x86.Build.0 = Release|Win32
		{0682799E-A922-4CD1-8643-F99FB4C44BE7}.Release-Dll|x64.ActiveCfg = Release|Win32
		{0682799E-A922-4CD1-8643-F99FB4C44BE7}.Release-Dll|x64.Build.0 = Release|Win32
		{0682799E-A922-4CD1-8643-F99FB4C44BE7}.Release-Dll|x86.ActiveCfg = Release|Win32
		{0682799E-A922-4CD1-8643-F99FB4C44BE7}.Release-Dll|x86.Build.0 = Release|Win32
		{0682799E-A922-4CD1-8643-F99FB4C44BE7}.Release-Lib|x64.ActiveCfg = Release|Win32
		{0682799E-A922-4CD1-8643-F99FB4C44BE7}.Release-Lib|x64.Build.0 = Release|Win32
		{0682799E-A922-4CD1-8643-F99FB4C44BE7}.Release-Lib|x86.ActiveCfg = Release|Win32
		{0682799E-A922-4CD1-8643-F99FB4C44BE7}.Release-Lib|x86.Build.0 = Release|Win32
		{CB440073-2ED3-48CE-A1A1-B6EACB3A44BD}.Debug_2|x64.ActiveCfg = Release|Win32
		{CB440073-2ED3-48CE-A1A1-B6EACB3A44BD}.Debug_2|x64.Build.0 = Release|Win32
		{CB440073-2ED3-48CE-A1A1-B6EACB3A44BD}.Debug_2|x86.ActiveCfg = Debug|Win32
		{CB440073-2ED3-48CE-A1A1-B6EACB3A44BD}.Debug_2|x86.Build.0 = Debug|Win32
		{CB440073-2ED3-48CE-A1A1-B6EACB3A44BD}.Debug|x64.ActiveCfg = Debug|Win32
		{CB440073-2ED3-48CE-A1A1-B6EACB3A44BD}.Debug|x86.ActiveCfg = Debug|Win32
		{CB440073-2ED3-48CE-A1A1-B6EACB3A44BD}.Debug|x86.Build.0 = Debug|Win32
		{CB440073-2ED3-48CE-A1A1-B6EACB3A44BD}.Debug-Dll|x64.ActiveCfg = Release|Win32
		{CB440073-2ED3-48CE-A1A1-B6EACB3A44BD}.Debug-Dll|x64.Build.0 = Release|Win32
		{CB440073-2ED3-48CE-A1A1-B6EACB3A44BD}.Debug-Dll|x86.ActiveCfg = Debug|Win32
		{CB440073-2ED3-48CE-A1A1-B6EACB3A44BD}.Debug-Dll|x86.Build.0 = Debug|Win32
		{CB440073-2ED3-48CE-A1A1-B6EACB3A44BD}.Debug-Lib|x64.ActiveCfg = Release|Win32
		{CB440073-2ED3-48CE-A1A1-B6EACB3A44BD}.Debug-Lib|x64.Build.0 = Release|Win32
		{CB440073-2ED3-48CE-A1A1-B6EACB3A44BD}.Debug-Lib|x86.ActiveCfg = Debug|Win32
		{CB440073-2ED3-48CE-A1A1-B6EACB3A44BD}.Debug-Lib|x86.Build.0 = Debug|Win32
		{CB440073-2ED3-48CE-A1A1-B6EACB3A44BD}.Release|x64.ActiveCfg = Release|Win32
		{CB440073-2ED3-48CE-A1A1-B6EACB3A44BD}.Release|x86.ActiveCfg = Release|Win32
		{CB440073-2ED3-48CE-A1A1-B6EACB3A44BD}.Release|x86.Build.0 = Release|Win32
		{CB440073-2ED3-48CE-A1A1-B6EACB3A44BD}.Release-Dll|x64.ActiveCfg = Release|Win32
		{CB440073-2ED3-48CE-A1A1-B6EACB3A44BD}.Release-Dll|x64.Build.0 = Release|Win32
		{CB440073-2ED3-48CE-A1A1-B6EACB3A44BD}.Release-Dll|x86.ActiveCfg = Release|Win32
		{CB440073-2ED3-48CE-A1A1-B6EACB3A44BD}.Release-Dll|x86.Build.0 = Release|Win32
		{CB440073-2ED3-48CE-A1A1-B6EACB3A44BD}.Release-Lib|x64.ActiveCfg = Release|Win32
		{CB440073-2ED3-48CE-A1A1-B6EACB3A44BD}.Release-Lib|x64.Build.0 = Release|Win32
		{CB440073-2ED3-48CE-A1A1-B6EACB3A44BD}.Release-Lib|x86.ActiveCfg = Release|Win32
		{CB440073-2ED3-48CE-A1A1-B6EACB3A44BD}.Release-Lib|x86.Build.0 = Release|Win32
	EndGlobalSection
	GlobalSection(SolutionProperties) = preSolution
		HideSolutionNode = FALSE
	EndGlobalSection
	GlobalSection(ExtensibilityGlobals) = postSolution
		SolutionGuid = {2933258F-91EF-4D6D-AB0B-EFF3DA1AFACD}
	EndGlobalSection
EndGlobal
