<?xml version="1.0" encoding="utf-8"?>
<Project ToolsVersion="4.0" xmlns="http://schemas.microsoft.com/developer/msbuild/2003">
  <ItemGroup>
    <Filter Include="소스 파일">
      <UniqueIdentifier>{4FC737F1-C7A5-4376-A066-2A32D752A2FF}</UniqueIdentifier>
      <Extensions>cpp;c;cc;cxx;def;odl;idl;hpj;bat;asm;asmx</Extensions>
    </Filter>
    <Filter Include="헤더 파일">
      <UniqueIdentifier>{93995380-89BD-4b04-88EB-625FBE52EBFB}</UniqueIdentifier>
      <Extensions>h;hh;hpp;hxx;hm;inl;inc;xsd</Extensions>
    </Filter>
    <Filter Include="리소스 파일">
      <UniqueIdentifier>{67DA6AB6-F800-4c08-8B7A-83BB121AAD01}</UniqueIdentifier>
      <Extensions>rc;ico;cur;bmp;dlg;rc2;rct;bin;rgs;gif;jpg;jpeg;jpe;resx;tiff;tif;png;wav;mfcribbon-ms</Extensions>
    </Filter>
    <Filter Include="소스 파일\Graphics">
      <UniqueIdentifier>{75ed5fee-9fb8-48e8-ae18-91fe2e534316}</UniqueIdentifier>
    </Filter>
    <Filter Include="소스 파일\System">
      <UniqueIdentifier>{5f7e21f8-099b-4c30-be7e-146d70970385}</UniqueIdentifier>
    </Filter>
    <Filter Include="소스 파일\DataStructure">
      <UniqueIdentifier>{a15598b7-871a-4c05-ae5c-68c8b4e1e90e}</UniqueIdentifier>
    </Filter>
    <Filter Include="소스 파일\Scene">
      <UniqueIdentifier>{dd6c534d-42e4-41b0-bc6a-fe7bf01e2b9e}</UniqueIdentifier>
    </Filter>
    <Filter Include="소스 파일\Scene\Game">
      <UniqueIdentifier>{1679a7df-ca36-4598-b479-2c2484fc3486}</UniqueIdentifier>
    </Filter>
    <Filter Include="소스 파일\Scene\Title">
      <UniqueIdentifier>{9bfedec4-ef9c-46b5-a51b-612409789f26}</UniqueIdentifier>
    </Filter>
    <Filter Include="소스 파일\Scene\Result">
      <UniqueIdentifier>{6c56147e-563b-457e-ba53-a7a73e50f807}</UniqueIdentifier>
    </Filter>
    <Filter Include="소스 파일\System\BMS">
      <UniqueIdentifier>{8055c9e6-884a-417d-94d4-b89ea843a1b6}</UniqueIdentifier>
    </Filter>
    <Filter Include="소스 파일\Scene\StartMenu">
      <UniqueIdentifier>{e5ba457b-9df4-4404-8840-8e72226f9542}</UniqueIdentifier>
    </Filter>
    <Filter Include="소스 파일\Scene\OptionScene">
      <UniqueIdentifier>{c33598d0-0361-4d5b-bf61-d501a91ffdff}</UniqueIdentifier>
    </Filter>
    <Filter Include="소스 파일\Start_Render">
      <UniqueIdentifier>{08e3f0c7-2d99-4696-891a-5c5b581a2c71}</UniqueIdentifier>
    </Filter>
    <Filter Include="소스 파일\Scene\RankScene">
      <UniqueIdentifier>{a3d75e44-6315-489f-8684-437bfcdc678d}</UniqueIdentifier>
    </Filter>
  </ItemGroup>
  <ItemGroup>
    <ClCompile Include="main.cpp">
      <Filter>소스 파일</Filter>
    </ClCompile>
    <ClCompile Include="Sprite.cpp">
      <Filter>소스 파일\Graphics</Filter>
    </ClCompile>
    <ClCompile Include="GameSystem.cpp">
      <Filter>소스 파일\System</Filter>
    </ClCompile>
    <ClCompile Include="Texture.cpp">
      <Filter>소스 파일\Graphics</Filter>
    </ClCompile>
    <ClCompile Include="ResourceManager.cpp">
      <Filter>소스 파일\System</Filter>
    </ClCompile>
    <ClCompile Include="Font.cpp">
      <Filter>소스 파일\Graphics</Filter>
    </ClCompile>
    <ClCompile Include="GameScene.cpp">
      <Filter>소스 파일\Scene\Game</Filter>
    </ClCompile>
    <ClCompile Include="Note.cpp">
      <Filter>소스 파일\Scene\Game</Filter>
    </ClCompile>
    <ClCompile Include="Track.cpp">
      <Filter>소스 파일\Scene\Game</Filter>
    </ClCompile>
    <ClCompile Include="TitleScene.cpp">
      <Filter>소스 파일\Scene\Title</Filter>
    </ClCompile>
    <ClCompile Include="Scene.cpp">
      <Filter>소스 파일\Scene</Filter>
    </ClCompile>
    <ClCompile Include="SceneManager.cpp">
      <Filter>소스 파일\Scene</Filter>
    </ClCompile>
    <ClCompile Include="ResultScene.cpp">
      <Filter>소스 파일\Scene\Result</Filter>
    </ClCompile>
    <ClCompile Include="BMSParser.cpp">
      <Filter>소스 파일\System\BMS</Filter>
    </ClCompile>
    <ClCompile Include="StartMenuScene.cpp">
      <Filter>소스 파일\Scene\StartMenu</Filter>
    </ClCompile>
    <ClCompile Include="InputManager.cpp">
      <Filter>소스 파일\System</Filter>
    </ClCompile>
    <ClCompile Include="Option1.cpp">
      <Filter>소스 파일\Start_Render</Filter>
    </ClCompile>
    <ClCompile Include="Rank1.cpp">
      <Filter>소스 파일\Start_Render</Filter>
    </ClCompile>
    <ClCompile Include="quit.cpp">
      <Filter>소스 파일\Start_Render</Filter>
    </ClCompile>
    <ClCompile Include="RankScene.cpp">
      <Filter>소스 파일\Scene\RankScene</Filter>
    </ClCompile>
    <ClCompile Include="OptionScene.cpp">
      <Filter>소스 파일\Scene\OptionScene</Filter>
    </ClCompile>
  </ItemGroup>
  <ItemGroup>
    <ClInclude Include="Sprite.h">
      <Filter>소스 파일\Graphics</Filter>
    </ClInclude>
    <ClInclude Include="GameSystem.h">
      <Filter>소스 파일\System</Filter>
    </ClInclude>
    <ClInclude Include="Array.h">
      <Filter>소스 파일\DataStructure</Filter>
    </ClInclude>
    <ClInclude Include="DLinkedList.h">
      <Filter>소스 파일\DataStructure</Filter>
    </ClInclude>
    <ClInclude Include="Texture.h">
      <Filter>소스 파일\Graphics</Filter>
    </ClInclude>
    <ClInclude Include="ResourceManager.h">
      <Filter>소스 파일\System</Filter>
    </ClInclude>
    <ClInclude Include="Font.h">
      <Filter>소스 파일\Graphics</Filter>
    </ClInclude>
    <ClInclude Include="GameScene.h">
      <Filter>소스 파일\Scene\Game</Filter>
    </ClInclude>
    <ClInclude Include="Note.h">
      <Filter>소스 파일\Scene\Game</Filter>
    </ClInclude>
    <ClInclude Include="Track.h">
      <Filter>소스 파일\Scene\Game</Filter>
    </ClInclude>
    <ClInclude Include="TitleScene.h">
      <Filter>소스 파일\Scene\Title</Filter>
    </ClInclude>
    <ClInclude Include="Scene.h">
      <Filter>소스 파일\Scene</Filter>
    </ClInclude>
    <ClInclude Include="SceneManager.h">
      <Filter>소스 파일\Scene</Filter>
    </ClInclude>
    <ClInclude Include="ResultScene.h">
      <Filter>소스 파일\Scene\Result</Filter>
    </ClInclude>
    <ClInclude Include="BMSParser.h">
      <Filter>소스 파일\System\BMS</Filter>
    </ClInclude>
    <ClInclude Include="BMSUtils.h">
      <Filter>소스 파일\System\BMS</Filter>
    </ClInclude>
    <ClInclude Include="BMS.h">
      <Filter>소스 파일\System\BMS</Filter>
    </ClInclude>
    <ClInclude Include="HeaderField.h">
      <Filter>소스 파일\System\BMS</Filter>
    </ClInclude>
    <ClInclude Include="Measure.h">
      <Filter>소스 파일\System\BMS</Filter>
    </ClInclude>
    <ClInclude Include="StartMenuScene.h">
      <Filter>소스 파일\Scene\StartMenu</Filter>
    </ClInclude>
    <ClInclude Include="OptionScene.h">
      <Filter>소스 파일\Scene\OptionScene</Filter>
    </ClInclude>
    <ClInclude Include="InputManager.h">
      <Filter>소스 파일\System</Filter>
    </ClInclude>
    <ClInclude Include="Option1.h">
      <Filter>소스 파일\Start_Render</Filter>
    </ClInclude>
    <ClInclude Include="Rank1.h">
      <Filter>소스 파일\Start_Render</Filter>
    </ClInclude>
    <ClInclude Include="quit.h">
      <Filter>소스 파일\Start_Render</Filter>
    </ClInclude>
    <ClInclude Include="RankScene.h">
      <Filter>소스 파일\Scene\RankScene</Filter>
    </ClInclude>
  </ItemGroup>
  <ItemGroup>
    <ResourceCompile Include="simplebmxplayer.rc">
      <Filter>리소스 파일</Filter>
    </ResourceCompile>
  </ItemGroup>
</Project>